
Microsoft Visual Studio Solution File, Format Version 12.00
# Visual Studio Version 17
VisualStudioVersion = 17.6.33829.357
MinimumVisualStudioVersion = 10.0.40219.1
Project("{FAE04EC0-301F-11D3-BF4B-00C04F79EFBC}") = "Exercises9", "Exercises9\Exercises9.csproj", "{EC08FB8F-A014-4925-8291-56180B8A73C8}"
EndProject
Global
	GlobalSection(SolutionConfigurationPlatforms) = preSolution
		Debug|Any CPU = Debug|Any CPU
		Release|Any CPU = Release|Any CPU
	EndGlobalSection
	GlobalSection(ProjectConfigurationPlatforms) = postSolution
		{EC08FB8F-A014-4925-8291-56180B8A73C8}.Debug|Any CPU.ActiveCfg = Debug|Any CPU
		{EC08FB8F-A014-4925-8291-56180B8A73C8}.Debug|Any CPU.Build.0 = Debug|Any CPU
		{EC08FB8F-A014-4925-8291-56180B8A73C8}.Release|Any CPU.ActiveCfg = Release|Any CPU
		{EC08FB8F-A014-4925-8291-56180B8A73C8}.Release|Any CPU.Build.0 = Release|Any CPU
	EndGlobalSection
	GlobalSection(SolutionProperties) = preSolution
		HideSolutionNode = FALSE
	EndGlobalSection
	GlobalSection(ExtensibilityGlobals) = postSolution
		SolutionGuid = {068E0840-69E1-469F-BE1E-E1BB3901E7F5}
	EndGlobalSection
EndGlobal
